{
    "_readme": [
        "This file locks the dependencies of your project to a known state",
        "Read more about it at https://getcomposer.org/doc/01-basic-usage.md#composer-lock-the-lock-file",
        "This file is @generated automatically"
    ],
    "hash": "476301583805bf6bbe5f420166a36840",
    "content-hash": "ee600e49bc151247b08cca6ba4af4c09",
    "packages": [
        {
            "name": "mindplay/annotations",
            "version": "1.3.0",
            "source": {
                "type": "git",
                "url": "https://github.com/Deathnerd/php-annotations.git",
                "reference": "a5830fb63f822cb72c4bf6172955fd05986557c6"
            },
            "dist": {
                "type": "zip",
                "url": "https://api.github.com/repos/Deathnerd/php-annotations/zipball/a5830fb63f822cb72c4bf6172955fd05986557c6",
                "reference": "a5830fb63f822cb72c4bf6172955fd05986557c6",
                "shasum": ""
            },
            "require": {
                "php": ">=5.3.3"
            },
            "require-dev": {
                "phpunit/php-code-coverage": "~1.2.1",
                "phpunit/php-file-iterator": ">=1.3.0@stable"
            },
            "type": "library",
            "extra": {
                "branch-alias": {
                    "dev-master": "1.2.x-dev"
                }
            },
            "autoload": {
                "psr-4": {
                    "mindplay\\annotations\\": "src\\annotations"
                }
            },
            "license": [
                "LGPL-3.0+"
            ],
            "authors": [
                {
                    "name": "Rasmus Schultz",
                    "email": "rasmus@mindplay.dk"
                }
            ],
            "description": "Industrial-strength annotations for PHP",
            "homepage": "http://blog.mindplay.dk/",
            "keywords": [
                "annotations",
                "framework"
            ],
            "support": {
                "source": "https://github.com/Deathnerd/php-annotations/tree/1.3.0"
            },
            "time": "2016-02-14 20:09:40"
        },
        {
            "name": "symfony/options-resolver",
            "version": "v3.0.1",
            "source": {
                "type": "git",
                "url": "https://github.com/symfony/options-resolver.git",
                "reference": "8e68c053a39e26559357cc742f01a7182ce40785"
            },
            "dist": {
                "type": "zip",
                "url": "https://api.github.com/repos/symfony/options-resolver/zipball/8e68c053a39e26559357cc742f01a7182ce40785",
                "reference": "8e68c053a39e26559357cc742f01a7182ce40785",
                "shasum": ""
            },
            "require": {
                "php": ">=5.5.9"
            },
            "type": "library",
            "extra": {
                "branch-alias": {
                    "dev-master": "3.0-dev"
                }
            },
            "autoload": {
                "psr-4": {
                    "Symfony\\Component\\OptionsResolver\\": ""
                },
                "exclude-from-classmap": [
                    "/Tests/"
                ]
            },
            "notification-url": "https://packagist.org/downloads/",
            "license": [
                "MIT"
            ],
            "authors": [
                {
                    "name": "Fabien Potencier",
                    "email": "fabien@symfony.com"
                },
                {
                    "name": "Symfony Community",
                    "homepage": "https://symfony.com/contributors"
                }
            ],
            "description": "Symfony OptionsResolver Component",
            "homepage": "https://symfony.com",
            "keywords": [
                "config",
                "configuration",
                "options"
            ],
            "time": "2015-11-18 13:48:51"
        }
    ],
    "packages-dev": [
        {
            "name": "filp/whoops",
            "version": "2.1.0",
            "source": {
                "type": "git",
                "url": "https://github.com/filp/whoops.git",
                "reference": "8da9523f07c62d56fe1cf36f8ae29b333afc181f"
            },
            "dist": {
                "type": "zip",
                "url": "https://api.github.com/repos/filp/whoops/zipball/8da9523f07c62d56fe1cf36f8ae29b333afc181f",
                "reference": "8da9523f07c62d56fe1cf36f8ae29b333afc181f",
                "shasum": ""
            },
            "require": {
                "php": ">=5.5.9"
            },
            "require-dev": {
                "mockery/mockery": "0.9.*",
                "phpunit/phpunit": "^4.8 || ^5.0",
                "symfony/var-dumper": "~3.0"
            },
            "suggest": {
                "symfony/var-dumper": "Pretty print complex values better with var-dumper available",
                "whoops/soap": "Formats errors as SOAP responses"
            },
            "type": "library",
            "extra": {
                "branch-alias": {
                    "dev-master": "2.0-dev"
                }
            },
            "autoload": {
                "psr-4": {
                    "Whoops\\": "src/Whoops/"
                }
            },
            "notification-url": "https://packagist.org/downloads/",
            "license": [
                "MIT"
            ],
            "authors": [
                {
                    "name": "Filipe Dobreira",
                    "homepage": "https://github.com/filp",
                    "role": "Developer"
                }
            ],
            "description": "php error handling for cool kids",
            "homepage": "https://github.com/filp/whoops",
            "keywords": [
                "error",
                "exception",
                "handling",
                "library",
                "whoops",
                "zf2"
            ],
            "time": "2016-03-13 10:22:39"
        }
    ],
    "aliases": [],
    "minimum-stability": "dev",
    "stability-flags": [],
    "prefer-stable": false,
    "prefer-lowest": false,
    "platform": {
        "php": ">=5.4"
    },
    "platform-dev": []
}
